
Microsoft Visual Studio Solution File, Format Version 12.00
# Visual Studio Version 17
VisualStudioVersion = 17.0.32112.339
MinimumVisualStudioVersion = 10.0.40219.1
Project("{FAE04EC0-301F-11D3-BF4B-00C04F79EFBC}") = "task19", "task19\task19.csproj", "{40D983CD-30A9-4BE6-9DC8-0A6E1FBE5040}"
EndProject
Project("{FAE04EC0-301F-11D3-BF4B-00C04F79EFBC}") = "task21", "task21\task21.csproj", "{C64A9396-A747-451D-B3DC-DABDA7B5BF4C}"
EndProject
Project("{FAE04EC0-301F-11D3-BF4B-00C04F79EFBC}") = "task23", "task23\task23.csproj", "{7AF172AB-CB84-4000-B952-5B6EEFCD7C38}"
EndProject
Global
	GlobalSection(SolutionConfigurationPlatforms) = preSolution
		Debug|Any CPU = Debug|Any CPU
		Release|Any CPU = Release|Any CPU
	EndGlobalSection
	GlobalSection(ProjectConfigurationPlatforms) = postSolution
		{40D983CD-30A9-4BE6-9DC8-0A6E1FBE5040}.Debug|Any CPU.ActiveCfg = Debug|Any CPU
		{40D983CD-30A9-4BE6-9DC8-0A6E1FBE5040}.Debug|Any CPU.Build.0 = Debug|Any CPU
		{40D983CD-30A9-4BE6-9DC8-0A6E1FBE5040}.Release|Any CPU.ActiveCfg = Release|Any CPU
		{40D983CD-30A9-4BE6-9DC8-0A6E1FBE5040}.Release|Any CPU.Build.0 = Release|Any CPU
		{C64A9396-A747-451D-B3DC-DABDA7B5BF4C}.Debug|Any CPU.ActiveCfg = Debug|Any CPU
		{C64A9396-A747-451D-B3DC-DABDA7B5BF4C}.Debug|Any CPU.Build.0 = Debug|Any CPU
		{C64A9396-A747-451D-B3DC-DABDA7B5BF4C}.Release|Any CPU.ActiveCfg = Release|Any CPU
		{C64A9396-A747-451D-B3DC-DABDA7B5BF4C}.Release|Any CPU.Build.0 = Release|Any CPU
		{7AF172AB-CB84-4000-B952-5B6EEFCD7C38}.Debug|Any CPU.ActiveCfg = Debug|Any CPU
		{7AF172AB-CB84-4000-B952-5B6EEFCD7C38}.Debug|Any CPU.Build.0 = Debug|Any CPU
		{7AF172AB-CB84-4000-B952-5B6EEFCD7C38}.Release|Any CPU.ActiveCfg = Release|Any CPU
		{7AF172AB-CB84-4000-B952-5B6EEFCD7C38}.Release|Any CPU.Build.0 = Release|Any CPU
	EndGlobalSection
	GlobalSection(SolutionProperties) = preSolution
		HideSolutionNode = FALSE
	EndGlobalSection
	GlobalSection(ExtensibilityGlobals) = postSolution
		SolutionGuid = {4FA4FD2F-873B-4F8F-8855-59253448D0DD}
	EndGlobalSection
EndGlobal
